
Microsoft Visual Studio Solution File, Format Version 12.00
# Visual Studio 15
VisualStudioVersion = 15.0.27004.2005
MinimumVisualStudioVersion = 10.0.40219.1
Project("{FAE04EC0-301F-11D3-BF4B-00C04F79EFBC}") = "task11", "task11\task11.csproj", "{E129FD95-9DF7-478E-9674-0666AC997174}"
EndProject
Project("{FAE04EC0-301F-11D3-BF4B-00C04F79EFBC}") = "task11_1", "task11_1\task11_1.csproj", "{242D72A7-0B7A-430D-9119-DEDEB99F1E6A}"
EndProject
Global
	GlobalSection(SolutionConfigurationPlatforms) = preSolution
		Debug|Any CPU = Debug|Any CPU
		Release|Any CPU = Release|Any CPU
	EndGlobalSection
	GlobalSection(ProjectConfigurationPlatforms) = postSolution
		{E129FD95-9DF7-478E-9674-0666AC997174}.Debug|Any CPU.ActiveCfg = Debug|Any CPU
		{E129FD95-9DF7-478E-9674-0666AC997174}.Debug|Any CPU.Build.0 = Debug|Any CPU
		{E129FD95-9DF7-478E-9674-0666AC997174}.Release|Any CPU.ActiveCfg = Release|Any CPU
		{E129FD95-9DF7-478E-9674-0666AC997174}.Release|Any CPU.Build.0 = Release|Any CPU
		{242D72A7-0B7A-430D-9119-DEDEB99F1E6A}.Debug|Any CPU.ActiveCfg = Debug|Any CPU
		{242D72A7-0B7A-430D-9119-DEDEB99F1E6A}.Debug|Any CPU.Build.0 = Debug|Any CPU
		{242D72A7-0B7A-430D-9119-DEDEB99F1E6A}.Release|Any CPU.ActiveCfg = Release|Any CPU
		{242D72A7-0B7A-430D-9119-DEDEB99F1E6A}.Release|Any CPU.Build.0 = Release|Any CPU
	EndGlobalSection
	GlobalSection(SolutionProperties) = preSolution
		HideSolutionNode = FALSE
	EndGlobalSection
	GlobalSection(ExtensibilityGlobals) = postSolution
		SolutionGuid = {1D42AFC8-28AC-45C7-B92F-3839E0CAA4E7}
	EndGlobalSection
EndGlobal
