
Microsoft Visual Studio Solution File, Format Version 12.00
# Visual Studio 15
VisualStudioVersion = 15.0.27004.2005
MinimumVisualStudioVersion = 10.0.40219.1
Project("{FAE04EC0-301F-11D3-BF4B-00C04F79EFBC}") = "Homework3", "Homework3\Homework3.csproj", "{26AF7B67-9A79-4EC2-B1AD-1D111CFE1980}"
EndProject
Global
	GlobalSection(SolutionConfigurationPlatforms) = preSolution
		Debug|Any CPU = Debug|Any CPU
		Release|Any CPU = Release|Any CPU
	EndGlobalSection
	GlobalSection(ProjectConfigurationPlatforms) = postSolution
		{26AF7B67-9A79-4EC2-B1AD-1D111CFE1980}.Debug|Any CPU.ActiveCfg = Debug|Any CPU
		{26AF7B67-9A79-4EC2-B1AD-1D111CFE1980}.Debug|Any CPU.Build.0 = Debug|Any CPU
		{26AF7B67-9A79-4EC2-B1AD-1D111CFE1980}.Release|Any CPU.ActiveCfg = Release|Any CPU
		{26AF7B67-9A79-4EC2-B1AD-1D111CFE1980}.Release|Any CPU.Build.0 = Release|Any CPU
	EndGlobalSection
	GlobalSection(SolutionProperties) = preSolution
		HideSolutionNode = FALSE
	EndGlobalSection
	GlobalSection(ExtensibilityGlobals) = postSolution
		SolutionGuid = {74DFFE73-37BA-4538-B5D4-F8A9AC7C8659}
	EndGlobalSection
EndGlobal
