
Microsoft Visual Studio Solution File, Format Version 12.00
# Visual Studio 15
VisualStudioVersion = 15.0.27004.2005
MinimumVisualStudioVersion = 10.0.40219.1
Project("{FAE04EC0-301F-11D3-BF4B-00C04F79EFBC}") = "Task8", "Task8\Task8.csproj", "{DAE9B242-1AB4-4C1D-B21B-0C247EBA6CAE}"
EndProject
Project("{FAE04EC0-301F-11D3-BF4B-00C04F79EFBC}") = "Task8_2", "Task8_2\Task8_2.csproj", "{AEB6DE08-D285-438A-8886-47A9393A9459}"
EndProject
Global
	GlobalSection(SolutionConfigurationPlatforms) = preSolution
		Debug|Any CPU = Debug|Any CPU
		Release|Any CPU = Release|Any CPU
	EndGlobalSection
	GlobalSection(ProjectConfigurationPlatforms) = postSolution
		{DAE9B242-1AB4-4C1D-B21B-0C247EBA6CAE}.Debug|Any CPU.ActiveCfg = Debug|Any CPU
		{DAE9B242-1AB4-4C1D-B21B-0C247EBA6CAE}.Debug|Any CPU.Build.0 = Debug|Any CPU
		{DAE9B242-1AB4-4C1D-B21B-0C247EBA6CAE}.Release|Any CPU.ActiveCfg = Release|Any CPU
		{DAE9B242-1AB4-4C1D-B21B-0C247EBA6CAE}.Release|Any CPU.Build.0 = Release|Any CPU
		{AEB6DE08-D285-438A-8886-47A9393A9459}.Debug|Any CPU.ActiveCfg = Debug|Any CPU
		{AEB6DE08-D285-438A-8886-47A9393A9459}.Debug|Any CPU.Build.0 = Debug|Any CPU
		{AEB6DE08-D285-438A-8886-47A9393A9459}.Release|Any CPU.ActiveCfg = Release|Any CPU
		{AEB6DE08-D285-438A-8886-47A9393A9459}.Release|Any CPU.Build.0 = Release|Any CPU
	EndGlobalSection
	GlobalSection(SolutionProperties) = preSolution
		HideSolutionNode = FALSE
	EndGlobalSection
	GlobalSection(ExtensibilityGlobals) = postSolution
		SolutionGuid = {D20142EF-AA68-42DD-A16F-4AD407812A2C}
	EndGlobalSection
EndGlobal
